
Microsoft Visual Studio Solution File, Format Version 11.00
# Visual Studio 2010
Project("{FAE04EC0-301F-11D3-BF4B-00C04F79EFBC}") = "RadiologyTracking", "RadiologyTracking\RadiologyTracking.csproj", "{4D601F4D-7221-452D-9981-A9A092C14922}"
	ProjectSection(ProjectDependencies) = postProject
		{BE633745-04FC-4865-8B0F-337B74356E75} = {BE633745-04FC-4865-8B0F-337B74356E75}
	EndProjectSection
EndProject
Project("{FAE04EC0-301F-11D3-BF4B-00C04F79EFBC}") = "RadiologyTracking.Web", "RadiologyTracking.Web\RadiologyTracking.Web.csproj", "{BE633745-04FC-4865-8B0F-337B74356E75}"
EndProject
Project("{FAE04EC0-301F-11D3-BF4B-00C04F79EFBC}") = "CustomControls", "CustomControls\CustomControls.csproj", "{B885C7C7-1917-483D-A179-1579D1428B7C}"
EndProject
Global
	GlobalSection(SolutionConfigurationPlatforms) = preSolution
		Debug|Any CPU = Debug|Any CPU
		Release|Any CPU = Release|Any CPU
	EndGlobalSection
	GlobalSection(ProjectConfigurationPlatforms) = postSolution
		{4D601F4D-7221-452D-9981-A9A092C14922}.Debug|Any CPU.ActiveCfg = Debug|Any CPU
		{4D601F4D-7221-452D-9981-A9A092C14922}.Debug|Any CPU.Build.0 = Debug|Any CPU
		{4D601F4D-7221-452D-9981-A9A092C14922}.Release|Any CPU.ActiveCfg = Release|Any CPU
		{4D601F4D-7221-452D-9981-A9A092C14922}.Release|Any CPU.Build.0 = Release|Any CPU
		{BE633745-04FC-4865-8B0F-337B74356E75}.Debug|Any CPU.ActiveCfg = Debug|Any CPU
		{BE633745-04FC-4865-8B0F-337B74356E75}.Debug|Any CPU.Build.0 = Debug|Any CPU
		{BE633745-04FC-4865-8B0F-337B74356E75}.Release|Any CPU.ActiveCfg = Release|Any CPU
		{BE633745-04FC-4865-8B0F-337B74356E75}.Release|Any CPU.Build.0 = Release|Any CPU
		{B885C7C7-1917-483D-A179-1579D1428B7C}.Debug|Any CPU.ActiveCfg = Debug|Any CPU
		{B885C7C7-1917-483D-A179-1579D1428B7C}.Debug|Any CPU.Build.0 = Debug|Any CPU
		{B885C7C7-1917-483D-A179-1579D1428B7C}.Release|Any CPU.ActiveCfg = Release|Any CPU
		{B885C7C7-1917-483D-A179-1579D1428B7C}.Release|Any CPU.Build.0 = Release|Any CPU
	EndGlobalSection
	GlobalSection(SolutionProperties) = preSolution
		HideSolutionNode = FALSE
	EndGlobalSection
EndGlobal
