
Microsoft Visual Studio Solution File, Format Version 11.00
# Visual Studio 2010
Project("{FAE04EC0-301F-11D3-BF4B-00C04F79EFBC}") = "RadiologyTracking", "RadiologyTracking\RadiologyTracking.csproj", "{4D601F4D-7221-452D-9981-A9A092C14922}"
	ProjectSection(ProjectDependencies) = postProject
		{BE633745-04FC-4865-8B0F-337B74356E75} = {BE633745-04FC-4865-8B0F-337B74356E75}
	EndProjectSection
EndProject
Project("{FAE04EC0-301F-11D3-BF4B-00C04F79EFBC}") = "RadiologyTracking.Web", "RadiologyTracking.Web\RadiologyTracking.Web.csproj", "{BE633745-04FC-4865-8B0F-337B74356E75}"
EndProject
Global
	GlobalSection(TeamFoundationVersionControl) = preSolution
		SccNumberOfProjects = 3
		SccEnterpriseProvider = {4CA58AB2-18FA-4F8D-95D4-32DDF27D184C}
		SccTeamFoundationServer = https://roopesh.tfspreview.com/defaultcollection
		SccLocalPath0 = .
		SccProjectUniqueName1 = RadiologyTracking.Web\\RadiologyTracking.Web.csproj
		SccProjectName1 = RadiologyTracking.Web
		SccLocalPath1 = RadiologyTracking.Web
		SccProjectUniqueName2 = RadiologyTracking\\RadiologyTracking.csproj
		SccProjectName2 = RadiologyTracking
		SccLocalPath2 = RadiologyTracking
	EndGlobalSection
	GlobalSection(SolutionConfigurationPlatforms) = preSolution
		Debug|Any CPU = Debug|Any CPU
		Release|Any CPU = Release|Any CPU
	EndGlobalSection
	GlobalSection(ProjectConfigurationPlatforms) = postSolution
		{4D601F4D-7221-452D-9981-A9A092C14922}.Debug|Any CPU.ActiveCfg = Debug|Any CPU
		{4D601F4D-7221-452D-9981-A9A092C14922}.Debug|Any CPU.Build.0 = Debug|Any CPU
		{4D601F4D-7221-452D-9981-A9A092C14922}.Release|Any CPU.ActiveCfg = Release|Any CPU
		{4D601F4D-7221-452D-9981-A9A092C14922}.Release|Any CPU.Build.0 = Release|Any CPU
		{BE633745-04FC-4865-8B0F-337B74356E75}.Debug|Any CPU.ActiveCfg = Debug|Any CPU
		{BE633745-04FC-4865-8B0F-337B74356E75}.Debug|Any CPU.Build.0 = Debug|Any CPU
		{BE633745-04FC-4865-8B0F-337B74356E75}.Release|Any CPU.ActiveCfg = Release|Any CPU
		{BE633745-04FC-4865-8B0F-337B74356E75}.Release|Any CPU.Build.0 = Release|Any CPU
	EndGlobalSection
	GlobalSection(SolutionProperties) = preSolution
		HideSolutionNode = FALSE
	EndGlobalSection
EndGlobal
